
Microsoft Visual Studio Solution File, Format Version 12.00
# Visual Studio Version 17
VisualStudioVersion = 17.5.33103.201
MinimumVisualStudioVersion = 10.0.40219.1
Project("{2150E333-8FDC-42A3-9474-1A3956D46DE8}") = "src", "src", "{7218F293-7E90-46C1-8996-756F7F6A05DE}"
EndProject
Project("{2150E333-8FDC-42A3-9474-1A3956D46DE8}") = "tests", "tests", "{BC5A0D96-73DE-4680-AA00-97045110265B}"
EndProject
Project("{9A19103F-16F7-4668-BE54-9A1E7A4F7556}") = "Customers.Api", "src\Customers.Api\Customers.Api.csproj", "{AB6F9A21-C583-4E6E-A2BA-A645E6AA6A53}"
EndProject
Project("{9A19103F-16F7-4668-BE54-9A1E7A4F7556}") = "Customers.Api.Tests.Integration", "tests\Customers.Api.Tests.Integration\Customers.Api.Tests.Integration.csproj", "{E3FE6AA8-C6B6-4EBF-85D4-D68FAD23A3D0}"
EndProject
Project("{FAE04EC0-301F-11D3-BF4B-00C04F79EFBC}") = "Customer.Unit.Tests", "Customer.Unit.Tests\Customer.Unit.Tests.csproj", "{47969908-28B3-4C22-AB4F-F72B6AF6CBD6}"
EndProject
Global
	GlobalSection(SolutionConfigurationPlatforms) = preSolution
		Debug|Any CPU = Debug|Any CPU
		Release|Any CPU = Release|Any CPU
	EndGlobalSection
	GlobalSection(ProjectConfigurationPlatforms) = postSolution
		{AB6F9A21-C583-4E6E-A2BA-A645E6AA6A53}.Debug|Any CPU.ActiveCfg = Debug|Any CPU
		{AB6F9A21-C583-4E6E-A2BA-A645E6AA6A53}.Debug|Any CPU.Build.0 = Debug|Any CPU
		{AB6F9A21-C583-4E6E-A2BA-A645E6AA6A53}.Release|Any CPU.ActiveCfg = Release|Any CPU
		{AB6F9A21-C583-4E6E-A2BA-A645E6AA6A53}.Release|Any CPU.Build.0 = Release|Any CPU
		{E3FE6AA8-C6B6-4EBF-85D4-D68FAD23A3D0}.Debug|Any CPU.ActiveCfg = Debug|Any CPU
		{E3FE6AA8-C6B6-4EBF-85D4-D68FAD23A3D0}.Debug|Any CPU.Build.0 = Debug|Any CPU
		{E3FE6AA8-C6B6-4EBF-85D4-D68FAD23A3D0}.Release|Any CPU.ActiveCfg = Release|Any CPU
		{E3FE6AA8-C6B6-4EBF-85D4-D68FAD23A3D0}.Release|Any CPU.Build.0 = Release|Any CPU
		{47969908-28B3-4C22-AB4F-F72B6AF6CBD6}.Debug|Any CPU.ActiveCfg = Debug|Any CPU
		{47969908-28B3-4C22-AB4F-F72B6AF6CBD6}.Debug|Any CPU.Build.0 = Debug|Any CPU
		{47969908-28B3-4C22-AB4F-F72B6AF6CBD6}.Release|Any CPU.ActiveCfg = Release|Any CPU
		{47969908-28B3-4C22-AB4F-F72B6AF6CBD6}.Release|Any CPU.Build.0 = Release|Any CPU
	EndGlobalSection
	GlobalSection(SolutionProperties) = preSolution
		HideSolutionNode = FALSE
	EndGlobalSection
	GlobalSection(NestedProjects) = preSolution
		{AB6F9A21-C583-4E6E-A2BA-A645E6AA6A53} = {7218F293-7E90-46C1-8996-756F7F6A05DE}
		{E3FE6AA8-C6B6-4EBF-85D4-D68FAD23A3D0} = {BC5A0D96-73DE-4680-AA00-97045110265B}
		{47969908-28B3-4C22-AB4F-F72B6AF6CBD6} = {BC5A0D96-73DE-4680-AA00-97045110265B}
	EndGlobalSection
EndGlobal
